// !$*UTF8*$!
{
	archiveVersion = 1;
	classes = {
	};
	objectVersion = 46;
	objects = {

/* Begin PBXBuildFile section */
		5A8638161D43ACDB00CED79F /* AppDelegate.swift in Sources */ = {isa = PBXBuildFile; fileRef = 5A8638151D43ACDB00CED79F /* AppDelegate.swift */; };
		5A8638181D43ACDB00CED79F /* ViewController.swift in Sources */ = {isa = PBXBuildFile; fileRef = 5A8638171D43ACDB00CED79F /* ViewController.swift */; };
		5A86381B1D43ACDB00CED79F /* Main.storyboard in Resources */ = {isa = PBXBuildFile; fileRef = 5A8638191D43ACDB00CED79F /* Main.storyboard */; };
		5A86381E1D43ACDB00CED79F /* QuickStart.xcdatamodeld in Sources */ = {isa = PBXBuildFile; fileRef = 5A86381C1D43ACDB00CED79F /* QuickStart.xcdatamodeld */; };
		5A8638201D43ACDB00CED79F /* Assets.xcassets in Resources */ = {isa = PBXBuildFile; fileRef = 5A86381F1D43ACDB00CED79F /* Assets.xcassets */; };
		5A8638231D43ACDB00CED79F /* LaunchScreen.storyboard in Resources */ = {isa = PBXBuildFile; fileRef = 5A8638211D43ACDB00CED79F /* LaunchScreen.storyboard */; };
		5A86382E1D43ACDB00CED79F /* QuickStartTests.swift in Sources */ = {isa = PBXBuildFile; fileRef = 5A86382D1D43ACDB00CED79F /* QuickStartTests.swift */; };
		5A8638391D43ACDB00CED79F /* QuickStartUITests.swift in Sources */ = {isa = PBXBuildFile; fileRef = 5A8638381D43ACDB00CED79F /* QuickStartUITests.swift */; };
		5ADDF6971D464CB50063B765 /* emptyStar.png in Resources */ = {isa = PBXBuildFile; fileRef = 5ADDF6951D464CB50063B765 /* emptyStar.png */; };
		5ADDF6981D464CB50063B765 /* filledStar.png in Resources */ = {isa = PBXBuildFile; fileRef = 5ADDF6961D464CB50063B765 /* filledStar.png */; };
		5ADDF69A1D4654B50063B765 /* Meal.swift in Sources */ = {isa = PBXBuildFile; fileRef = 5ADDF6991D4654B50063B765 /* Meal.swift */; };
		5ADDF69B1D4654B50063B765 /* Meal.swift in Sources */ = {isa = PBXBuildFile; fileRef = 5ADDF6991D4654B50063B765 /* Meal.swift */; };
		5AEA63F61D44A5E000421D89 /* Notes.txt in Resources */ = {isa = PBXBuildFile; fileRef = 5AEA63F51D44A5E000421D89 /* Notes.txt */; };
		5AEA63FB1D44BFAF00421D89 /* defaultPhoto.png in Resources */ = {isa = PBXBuildFile; fileRef = 5AEA63F91D44BFAF00421D89 /* defaultPhoto.png */; };
		5AEA63FC1D44BFAF00421D89 /* meal1.png in Resources */ = {isa = PBXBuildFile; fileRef = 5AEA63FA1D44BFAF00421D89 /* meal1.png */; };
		5AEA63FE1D44CBB500421D89 /* RatingControl.swift in Sources */ = {isa = PBXBuildFile; fileRef = 5AEA63FD1D44CBB500421D89 /* RatingControl.swift */; };
/* End PBXBuildFile section */

/* Begin PBXContainerItemProxy section */
		5A86382A1D43ACDB00CED79F /* PBXContainerItemProxy */ = {
			isa = PBXContainerItemProxy;
			containerPortal = 5A86380A1D43ACDB00CED79F /* Project object */;
			proxyType = 1;
			remoteGlobalIDString = 5A8638111D43ACDB00CED79F;
			remoteInfo = QuickStart;
		};
		5A8638351D43ACDB00CED79F /* PBXContainerItemProxy */ = {
			isa = PBXContainerItemProxy;
			containerPortal = 5A86380A1D43ACDB00CED79F /* Project object */;
			proxyType = 1;
			remoteGlobalIDString = 5A8638111D43ACDB00CED79F;
			remoteInfo = QuickStart;
		};
/* End PBXContainerItemProxy section */

/* Begin PBXFileReference section */
		5A8638121D43ACDB00CED79F /* QuickStart.app */ = {isa = PBXFileReference; explicitFileType = wrapper.application; includeInIndex = 0; path = QuickStart.app; sourceTree = BUILT_PRODUCTS_DIR; };
		5A8638151D43ACDB00CED79F /* AppDelegate.swift */ = {isa = PBXFileReference; lastKnownFileType = sourcecode.swift; path = AppDelegate.swift; sourceTree = "<group>"; };
		5A8638171D43ACDB00CED79F /* ViewController.swift */ = {isa = PBXFileReference; lastKnownFileType = sourcecode.swift; path = ViewController.swift; sourceTree = "<group>"; };
		5A86381A1D43ACDB00CED79F /* Base */ = {isa = PBXFileReference; lastKnownFileType = file.storyboard; name = Base; path = Base.lproj/Main.storyboard; sourceTree = "<group>"; };
		5A86381D1D43ACDB00CED79F /* QuickStart.xcdatamodel */ = {isa = PBXFileReference; lastKnownFileType = wrapper.xcdatamodel; path = QuickStart.xcdatamodel; sourceTree = "<group>"; };
		5A86381F1D43ACDB00CED79F /* Assets.xcassets */ = {isa = PBXFileReference; lastKnownFileType = folder.assetcatalog; path = Assets.xcassets; sourceTree = "<group>"; };
		5A8638221D43ACDB00CED79F /* Base */ = {isa = PBXFileReference; lastKnownFileType = file.storyboard; name = Base; path = Base.lproj/LaunchScreen.storyboard; sourceTree = "<group>"; };
		5A8638241D43ACDB00CED79F /* Info.plist */ = {isa = PBXFileReference; lastKnownFileType = text.plist.xml; path = Info.plist; sourceTree = "<group>"; };
		5A8638291D43ACDB00CED79F /* QuickStartTests.xctest */ = {isa = PBXFileReference; explicitFileType = wrapper.cfbundle; includeInIndex = 0; path = QuickStartTests.xctest; sourceTree = BUILT_PRODUCTS_DIR; };
		5A86382D1D43ACDB00CED79F /* QuickStartTests.swift */ = {isa = PBXFileReference; lastKnownFileType = sourcecode.swift; path = QuickStartTests.swift; sourceTree = "<group>"; };
		5A86382F1D43ACDB00CED79F /* Info.plist */ = {isa = PBXFileReference; lastKnownFileType = text.plist.xml; path = Info.plist; sourceTree = "<group>"; };
		5A8638341D43ACDB00CED79F /* QuickStartUITests.xctest */ = {isa = PBXFileReference; explicitFileType = wrapper.cfbundle; includeInIndex = 0; path = QuickStartUITests.xctest; sourceTree = BUILT_PRODUCTS_DIR; };
		5A8638381D43ACDB00CED79F /* QuickStartUITests.swift */ = {isa = PBXFileReference; lastKnownFileType = sourcecode.swift; path = QuickStartUITests.swift; sourceTree = "<group>"; };
		5A86383A1D43ACDB00CED79F /* Info.plist */ = {isa = PBXFileReference; lastKnownFileType = text.plist.xml; path = Info.plist; sourceTree = "<group>"; };
		5ADDF6951D464CB50063B765 /* emptyStar.png */ = {isa = PBXFileReference; lastKnownFileType = image.png; path = emptyStar.png; sourceTree = "<group>"; };
		5ADDF6961D464CB50063B765 /* filledStar.png */ = {isa = PBXFileReference; lastKnownFileType = image.png; path = filledStar.png; sourceTree = "<group>"; };
		5ADDF6991D4654B50063B765 /* Meal.swift */ = {isa = PBXFileReference; fileEncoding = 4; lastKnownFileType = sourcecode.swift; path = Meal.swift; sourceTree = "<group>"; };
		5AEA63F51D44A5E000421D89 /* Notes.txt */ = {isa = PBXFileReference; fileEncoding = 4; lastKnownFileType = text; path = Notes.txt; sourceTree = "<group>"; };
		5AEA63F91D44BFAF00421D89 /* defaultPhoto.png */ = {isa = PBXFileReference; lastKnownFileType = image.png; path = defaultPhoto.png; sourceTree = "<group>"; };
		5AEA63FA1D44BFAF00421D89 /* meal1.png */ = {isa = PBXFileReference; lastKnownFileType = image.png; path = meal1.png; sourceTree = "<group>"; };
		5AEA63FD1D44CBB500421D89 /* RatingControl.swift */ = {isa = PBXFileReference; fileEncoding = 4; lastKnownFileType = sourcecode.swift; path = RatingControl.swift; sourceTree = "<group>"; };
/* End PBXFileReference section */

/* Begin PBXFrameworksBuildPhase section */
		5A86380F1D43ACDB00CED79F /* Frameworks */ = {
			isa = PBXFrameworksBuildPhase;
			buildActionMask = 2147483647;
			files = (
			);
			runOnlyForDeploymentPostprocessing = 0;
		};
		5A8638261D43ACDB00CED79F /* Frameworks */ = {
			isa = PBXFrameworksBuildPhase;
			buildActionMask = 2147483647;
			files = (
			);
			runOnlyForDeploymentPostprocessing = 0;
		};
		5A8638311D43ACDB00CED79F /* Frameworks */ = {
			isa = PBXFrameworksBuildPhase;
			buildActionMask = 2147483647;
			files = (
			);
			runOnlyForDeploymentPostprocessing = 0;
		};
/* End PBXFrameworksBuildPhase section */

/* Begin PBXGroup section */
		5A8638091D43ACDB00CED79F = {
			isa = PBXGroup;
			children = (
				5AEA63F81D44BFAF00421D89 /* Images */,
				5AEA63F51D44A5E000421D89 /* Notes.txt */,
				5A8638141D43ACDB00CED79F /* QuickStart */,
				5A86382C1D43ACDB00CED79F /* QuickStartTests */,
				5A8638371D43ACDB00CED79F /* QuickStartUITests */,
				5A8638131D43ACDB00CED79F /* Products */,
			);
			sourceTree = "<group>";
		};
		5A8638131D43ACDB00CED79F /* Products */ = {
			isa = PBXGroup;
			children = (
				5A8638121D43ACDB00CED79F /* QuickStart.app */,
				5A8638291D43ACDB00CED79F /* QuickStartTests.xctest */,
				5A8638341D43ACDB00CED79F /* QuickStartUITests.xctest */,
			);
			name = Products;
			sourceTree = "<group>";
		};
		5A8638141D43ACDB00CED79F /* QuickStart */ = {
			isa = PBXGroup;
			children = (
				5A8638151D43ACDB00CED79F /* AppDelegate.swift */,
				5A8638171D43ACDB00CED79F /* ViewController.swift */,
				5A8638191D43ACDB00CED79F /* Main.storyboard */,
				5A86381F1D43ACDB00CED79F /* Assets.xcassets */,
				5A8638211D43ACDB00CED79F /* LaunchScreen.storyboard */,
				5A8638241D43ACDB00CED79F /* Info.plist */,
				5A86381C1D43ACDB00CED79F /* QuickStart.xcdatamodeld */,
				5AEA63FD1D44CBB500421D89 /* RatingControl.swift */,
				5ADDF6991D4654B50063B765 /* Meal.swift */,
			);
			path = QuickStart;
			sourceTree = "<group>";
		};
		5A86382C1D43ACDB00CED79F /* QuickStartTests */ = {
			isa = PBXGroup;
			children = (
				5A86382D1D43ACDB00CED79F /* QuickStartTests.swift */,
				5A86382F1D43ACDB00CED79F /* Info.plist */,
			);
			path = QuickStartTests;
			sourceTree = "<group>";
		};
		5A8638371D43ACDB00CED79F /* QuickStartUITests */ = {
			isa = PBXGroup;
			children = (
				5A8638381D43ACDB00CED79F /* QuickStartUITests.swift */,
				5A86383A1D43ACDB00CED79F /* Info.plist */,
			);
			path = QuickStartUITests;
			sourceTree = "<group>";
		};
		5AEA63F81D44BFAF00421D89 /* Images */ = {
			isa = PBXGroup;
			children = (
				5ADDF6951D464CB50063B765 /* emptyStar.png */,
				5ADDF6961D464CB50063B765 /* filledStar.png */,
				5AEA63F91D44BFAF00421D89 /* defaultPhoto.png */,
				5AEA63FA1D44BFAF00421D89 /* meal1.png */,
			);
			path = Images;
			sourceTree = "<group>";
		};
/* End PBXGroup section */

/* Begin PBXNativeTarget section */
		5A8638111D43ACDB00CED79F /* QuickStart */ = {
			isa = PBXNativeTarget;
			buildConfigurationList = 5A86383D1D43ACDB00CED79F /* Build configuration list for PBXNativeTarget "QuickStart" */;
			buildPhases = (
				5A86380E1D43ACDB00CED79F /* Sources */,
				5A86380F1D43ACDB00CED79F /* Frameworks */,
				5A8638101D43ACDB00CED79F /* Resources */,
			);
			buildRules = (
			);
			dependencies = (
			);
			name = QuickStart;
			productName = QuickStart;
			productReference = 5A8638121D43ACDB00CED79F /* QuickStart.app */;
			productType = "com.apple.product-type.application";
		};
		5A8638281D43ACDB00CED79F /* QuickStartTests */ = {
			isa = PBXNativeTarget;
			buildConfigurationList = 5A8638401D43ACDB00CED79F /* Build configuration list for PBXNativeTarget "QuickStartTests" */;
			buildPhases = (
				5A8638251D43ACDB00CED79F /* Sources */,
				5A8638261D43ACDB00CED79F /* Frameworks */,
				5A8638271D43ACDB00CED79F /* Resources */,
			);
			buildRules = (
			);
			dependencies = (
				5A86382B1D43ACDB00CED79F /* PBXTargetDependency */,
			);
			name = QuickStartTests;
			productName = QuickStartTests;
			productReference = 5A8638291D43ACDB00CED79F /* QuickStartTests.xctest */;
			productType = "com.apple.product-type.bundle.unit-test";
		};
		5A8638331D43ACDB00CED79F /* QuickStartUITests */ = {
			isa = PBXNativeTarget;
			buildConfigurationList = 5A8638431D43ACDB00CED79F /* Build configuration list for PBXNativeTarget "QuickStartUITests" */;
			buildPhases = (
				5A8638301D43ACDB00CED79F /* Sources */,
				5A8638311D43ACDB00CED79F /* Frameworks */,
				5A8638321D43ACDB00CED79F /* Resources */,
			);
			buildRules = (
			);
			dependencies = (
				5A8638361D43ACDB00CED79F /* PBXTargetDependency */,
			);
			name = QuickStartUITests;
			productName = QuickStartUITests;
			productReference = 5A8638341D43ACDB00CED79F /* QuickStartUITests.xctest */;
			productType = "com.apple.product-type.bundle.ui-testing";
		};
/* End PBXNativeTarget section */

/* Begin PBXProject section */
		5A86380A1D43ACDB00CED79F /* Project object */ = {
			isa = PBXProject;
			attributes = {
				LastSwiftUpdateCheck = 0730;
				LastUpgradeCheck = 0730;
				ORGANIZATIONNAME = FlonlyIos;
				TargetAttributes = {
					5A8638111D43ACDB00CED79F = {
						CreatedOnToolsVersion = 7.3.1;
						DevelopmentTeam = RXQKQW4S4N;
					};
					5A8638281D43ACDB00CED79F = {
						CreatedOnToolsVersion = 7.3.1;
						TestTargetID = 5A8638111D43ACDB00CED79F;
					};
					5A8638331D43ACDB00CED79F = {
						CreatedOnToolsVersion = 7.3.1;
						TestTargetID = 5A8638111D43ACDB00CED79F;
					};
				};
			};
			buildConfigurationList = 5A86380D1D43ACDB00CED79F /* Build configuration list for PBXProject "QuickStart" */;
			compatibilityVersion = "Xcode 3.2";
			developmentRegion = English;
			hasScannedForEncodings = 0;
			knownRegions = (
				en,
				Base,
			);
			mainGroup = 5A8638091D43ACDB00CED79F;
			productRefGroup = 5A8638131D43ACDB00CED79F /* Products */;
			projectDirPath = "";
			projectRoot = "";
			targets = (
				5A8638111D43ACDB00CED79F /* QuickStart */,
				5A8638281D43ACDB00CED79F /* QuickStartTests */,
				5A8638331D43ACDB00CED79F /* QuickStartUITests */,
			);
		};
/* End PBXProject section */

/* Begin PBXResourcesBuildPhase section */
		5A8638101D43ACDB00CED79F /* Resources */ = {
			isa = PBXResourcesBuildPhase;
			buildActionMask = 2147483647;
			files = (
				5AEA63FC1D44BFAF00421D89 /* meal1.png in Resources */,
				5AEA63FB1D44BFAF00421D89 /* defaultPhoto.png in Resources */,
				5AEA63F61D44A5E000421D89 /* Notes.txt in Resources */,
				5ADDF6981D464CB50063B765 /* filledStar.png in Resources */,
				5A8638231D43ACDB00CED79F /* LaunchScreen.storyboard in Resources */,
				5ADDF6971D464CB50063B765 /* emptyStar.png in Resources */,
				5A8638201D43ACDB00CED79F /* Assets.xcassets in Resources */,
				5A86381B1D43ACDB00CED79F /* Main.storyboard in Resources */,
			);
			runOnlyForDeploymentPostprocessing = 0;
		};
		5A8638271D43ACDB00CED79F /* Resources */ = {
			isa = PBXResourcesBuildPhase;
			buildActionMask = 2147483647;
			files = (
			);
			runOnlyForDeploymentPostprocessing = 0;
		};
		5A8638321D43ACDB00CED79F /* Resources */ = {
			isa = PBXResourcesBuildPhase;
			buildActionMask = 2147483647;
			files = (
			);
			runOnlyForDeploymentPostprocessing = 0;
		};
/* End PBXResourcesBuildPhase section */

/* Begin PBXSourcesBuildPhase section */
		5A86380E1D43ACDB00CED79F /* Sources */ = {
			isa = PBXSourcesBuildPhase;
			buildActionMask = 2147483647;
			files = (
				5ADDF69A1D4654B50063B765 /* Meal.swift in Sources */,
				5AEA63FE1D44CBB500421D89 /* RatingControl.swift in Sources */,
				5A86381E1D43ACDB00CED79F /* QuickStart.xcdatamodeld in Sources */,
				5A8638181D43ACDB00CED79F /* ViewController.swift in Sources */,
				5A8638161D43ACDB00CED79F /* AppDelegate.swift in Sources */,
			);
			runOnlyForDeploymentPostprocessing = 0;
		};
		5A8638251D43ACDB00CED79F /* Sources */ = {
			isa = PBXSourcesBuildPhase;
			buildActionMask = 2147483647;
			files = (
				5ADDF69B1D4654B50063B765 /* Meal.swift in Sources */,
				5A86382E1D43ACDB00CED79F /* QuickStartTests.swift in Sources */,
			);
			runOnlyForDeploymentPostprocessing = 0;
		};
		5A8638301D43ACDB00CED79F /* Sources */ = {
			isa = PBXSourcesBuildPhase;
			buildActionMask = 2147483647;
			files = (
				5A8638391D43ACDB00CED79F /* QuickStartUITests.swift in Sources */,
			);
			runOnlyForDeploymentPostprocessing = 0;
		};
/* End PBXSourcesBuildPhase section */

/* Begin PBXTargetDependency section */
		5A86382B1D43ACDB00CED79F /* PBXTargetDependency */ = {
			isa = PBXTargetDependency;
			target = 5A8638111D43ACDB00CED79F /* QuickStart */;
			targetProxy = 5A86382A1D43ACDB00CED79F /* PBXContainerItemProxy */;
		};
		5A8638361D43ACDB00CED79F /* PBXTargetDependency */ = {
			isa = PBXTargetDependency;
			target = 5A8638111D43ACDB00CED79F /* QuickStart */;
			targetProxy = 5A8638351D43ACDB00CED79F /* PBXContainerItemProxy */;
		};
/* End PBXTargetDependency section */

/* Begin PBXVariantGroup section */
		5A8638191D43ACDB00CED79F /* Main.storyboard */ = {
			isa = PBXVariantGroup;
			children = (
				5A86381A1D43ACDB00CED79F /* Base */,
			);
			name = Main.storyboard;
			sourceTree = "<group>";
		};
		5A8638211D43ACDB00CED79F /* LaunchScreen.storyboard */ = {
			isa = PBXVariantGroup;
			children = (
				5A8638221D43ACDB00CED79F /* Base */,
			);
			name = LaunchScreen.storyboard;
			sourceTree = "<group>";
		};
/* End PBXVariantGroup section */

/* Begin XCBuildConfiguration section */
		5A86383B1D43ACDB00CED79F /* Debug */ = {
			isa = XCBuildConfiguration;
			buildSettings = {
				ALWAYS_SEARCH_USER_PATHS = NO;
				CLANG_ANALYZER_NONNULL = YES;
				CLANG_CXX_LANGUAGE_STANDARD = "gnu++0x";
				CLANG_CXX_LIBRARY = "libc++";
				CLANG_ENABLE_MODULES = YES;
				CLANG_ENABLE_OBJC_ARC = YES;
				CLANG_WARN_BOOL_CONVERSION = YES;
				CLANG_WARN_CONSTANT_CONVERSION = YES;
				CLANG_WARN_DIRECT_OBJC_ISA_USAGE = YES_ERROR;
				CLANG_WARN_EMPTY_BODY = YES;
				CLANG_WARN_ENUM_CONVERSION = YES;
				CLANG_WARN_INT_CONVERSION = YES;
				CLANG_WARN_OBJC_ROOT_CLASS = YES_ERROR;
				CLANG_WARN_UNREACHABLE_CODE = YES;
				CLANG_WARN__DUPLICATE_METHOD_MATCH = YES;
				"CODE_SIGN_IDENTITY[sdk=iphoneos*]" = "iPhone Developer";
				COPY_PHASE_STRIP = NO;
				DEBUG_INFORMATION_FORMAT = dwarf;
				ENABLE_STRICT_OBJC_MSGSEND = YES;
				ENABLE_TESTABILITY = YES;
				GCC_C_LANGUAGE_STANDARD = gnu99;
				GCC_DYNAMIC_NO_PIC = NO;
				GCC_NO_COMMON_BLOCKS = YES;
				GCC_OPTIMIZATION_LEVEL = 0;
				GCC_PREPROCESSOR_DEFINITIONS = (
					"DEBUG=1",
					"$(inherited)",
				);
				GCC_WARN_64_TO_32_BIT_CONVERSION = YES;
				GCC_WARN_ABOUT_RETURN_TYPE = YES_ERROR;
				GCC_WARN_UNDECLARED_SELECTOR = YES;
				GCC_WARN_UNINITIALIZED_AUTOS = YES_AGGRESSIVE;
				GCC_WARN_UNUSED_FUNCTION = YES;
				GCC_WARN_UNUSED_VARIABLE = YES;
				IPHONEOS_DEPLOYMENT_TARGET = 9.3;
				MTL_ENABLE_DEBUG_INFO = YES;
				ONLY_ACTIVE_ARCH = YES;
				SDKROOT = iphoneos;
				SWIFT_OPTIMIZATION_LEVEL = "-Onone";
			};
			name = Debug;
		};
		5A86383C1D43ACDB00CED79F /* Release */ = {
			isa = XCBuildConfiguration;
			buildSettings = {
				ALWAYS_SEARCH_USER_PATHS = NO;
				CLANG_ANALYZER_NONNULL = YES;
				CLANG_CXX_LANGUAGE_STANDARD = "gnu++0x";
				CLANG_CXX_LIBRARY = "libc++";
				CLANG_ENABLE_MODULES = YES;
				CLANG_ENABLE_OBJC_ARC = YES;
				CLANG_WARN_BOOL_CONVERSION = YES;
				CLANG_WARN_CONSTANT_CONVERSION = YES;
				CLANG_WARN_DIRECT_OBJC_ISA_USAGE = YES_ERROR;
				CLANG_WARN_EMPTY_BODY = YES;
				CLANG_WARN_ENUM_CONVERSION = YES;
				CLANG_WARN_INT_CONVERSION = YES;
				CLANG_WARN_OBJC_ROOT_CLASS = YES_ERROR;
				CLANG_WARN_UNREACHABLE_CODE = YES;
				CLANG_WARN__DUPLICATE_METHOD_MATCH = YES;
				"CODE_SIGN_IDENTITY[sdk=iphoneos*]" = "iPhone Developer";
				COPY_PHASE_STRIP = NO;
				DEBUG_INFORMATION_FORMAT = "dwarf-with-dsym";
				ENABLE_NS_ASSERTIONS = NO;
				ENABLE_STRICT_OBJC_MSGSEND = YES;
				GCC_C_LANGUAGE_STANDARD = gnu99;
				GCC_NO_COMMON_BLOCKS = YES;
				GCC_WARN_64_TO_32_BIT_CONVERSION = YES;
				GCC_WARN_ABOUT_RETURN_TYPE = YES_ERROR;
				GCC_WARN_UNDECLARED_SELECTOR = YES;
				GCC_WARN_UNINITIALIZED_AUTOS = YES_AGGRESSIVE;
				GCC_WARN_UNUSED_FUNCTION = YES;
				GCC_WARN_UNUSED_VARIABLE = YES;
				IPHONEOS_DEPLOYMENT_TARGET = 9.3;
				MTL_ENABLE_DEBUG_INFO = NO;
				SDKROOT = iphoneos;
				VALIDATE_PRODUCT = YES;
			};
			name = Release;
		};
		5A86383E1D43ACDB00CED79F /* Debug */ = {
			isa = XCBuildConfiguration;
			buildSettings = {
				ASSETCATALOG_COMPILER_APPICON_NAME = AppIcon;
				CODE_SIGN_IDENTITY = "iPhone Developer";
				"CODE_SIGN_IDENTITY[sdk=iphoneos*]" = "iPhone Developer";
				INFOPLIST_FILE = QuickStart/Info.plist;
				LD_RUNPATH_SEARCH_PATHS = "$(inherited) @executable_path/Frameworks";
				PRODUCT_BUNDLE_IDENTIFIER = www.flonlyios.com.QuickStart;
				PRODUCT_NAME = "$(TARGET_NAME)";
				PROVISIONING_PROFILE = "";
			};
			name = Debug;
		};
		5A86383F1D43ACDB00CED79F /* Release */ = {
			isa = XCBuildConfiguration;
			buildSettings = {
				ASSETCATALOG_COMPILER_APPICON_NAME = AppIcon;
				CODE_SIGN_IDENTITY = "iPhone Developer";
				"CODE_SIGN_IDENTITY[sdk=iphoneos*]" = "iPhone Developer";
				INFOPLIST_FILE = QuickStart/Info.plist;
				LD_RUNPATH_SEARCH_PATHS = "$(inherited) @executable_path/Frameworks";
				PRODUCT_BUNDLE_IDENTIFIER = www.flonlyios.com.QuickStart;
				PRODUCT_NAME = "$(TARGET_NAME)";
				PROVISIONING_PROFILE = "";
			};
			name = Release;
		};
		5A8638411D43ACDB00CED79F /* Debug */ = {
			isa = XCBuildConfiguration;
			buildSettings = {
				BUNDLE_LOADER = "$(TEST_HOST)";
				INFOPLIST_FILE = QuickStartTests/Info.plist;
				LD_RUNPATH_SEARCH_PATHS = "$(inherited) @executable_path/Frameworks @loader_path/Frameworks";
				PRODUCT_BUNDLE_IDENTIFIER = www.flonlyios.com.QuickStartTests;
				PRODUCT_NAME = "$(TARGET_NAME)";
				TEST_HOST = "$(BUILT_PRODUCTS_DIR)/QuickStart.app/QuickStart";
			};
			name = Debug;
		};
		5A8638421D43ACDB00CED79F /* Release */ = {
			isa = XCBuildConfiguration;
			buildSettings = {
				BUNDLE_LOADER = "$(TEST_HOST)";
				INFOPLIST_FILE = QuickStartTests/Info.plist;
				LD_RUNPATH_SEARCH_PATHS = "$(inherited) @executable_path/Frameworks @loader_path/Frameworks";
				PRODUCT_BUNDLE_IDENTIFIER = www.flonlyios.com.QuickStartTests;
				PRODUCT_NAME = "$(TARGET_NAME)";
				TEST_HOST = "$(BUILT_PRODUCTS_DIR)/QuickStart.app/QuickStart";
			};
			name = Release;
		};
		5A8638441D43ACDB00CED79F /* Debug */ = {
			isa = XCBuildConfiguration;
			buildSettings = {
				INFOPLIST_FILE = QuickStartUITests/Info.plist;
				LD_RUNPATH_SEARCH_PATHS = "$(inherited) @executable_path/Frameworks @loader_path/Frameworks";
				PRODUCT_BUNDLE_IDENTIFIER = www.flonlyios.com.QuickStartUITests;
				PRODUCT_NAME = "$(TARGET_NAME)";
				TEST_TARGET_NAME = QuickStart;
			};
			name = Debug;
		};
		5A8638451D43ACDB00CED79F /* Release */ = {
			isa = XCBuildConfiguration;
			buildSettings = {
				INFOPLIST_FILE = QuickStartUITests/Info.plist;
				LD_RUNPATH_SEARCH_PATHS = "$(inherited) @executable_path/Frameworks @loader_path/Frameworks";
				PRODUCT_BUNDLE_IDENTIFIER = www.flonlyios.com.QuickStartUITests;
				PRODUCT_NAME = "$(TARGET_NAME)";
				TEST_TARGET_NAME = QuickStart;
			};
			name = Release;
		};
/* End XCBuildConfiguration section */

/* Begin XCConfigurationList section */
		5A86380D1D43ACDB00CED79F /* Build configuration list for PBXProject "QuickStart" */ = {
			isa = XCConfigurationList;
			buildConfigurations = (
				5A86383B1D43ACDB00CED79F /* Debug */,
				5A86383C1D43ACDB00CED79F /* Release */,
			);
			defaultConfigurationIsVisible = 0;
			defaultConfigurationName = Release;
		};
		5A86383D1D43ACDB00CED79F /* Build configuration list for PBXNativeTarget "QuickStart" */ = {
			isa = XCConfigurationList;
			buildConfigurations = (
				5A86383E1D43ACDB00CED79F /* Debug */,
				5A86383F1D43ACDB00CED79F /* Release */,
			);
			defaultConfigurationIsVisible = 0;
			defaultConfigurationName = Release;
		};
		5A8638401D43ACDB00CED79F /* Build configuration list for PBXNativeTarget "QuickStartTests" */ = {
			isa = XCConfigurationList;
			buildConfigurations = (
				5A8638411D43ACDB00CED79F /* Debug */,
				5A8638421D43ACDB00CED79F /* Release */,
			);
			defaultConfigurationIsVisible = 0;
			defaultConfigurationName = Release;
		};
		5A8638431D43ACDB00CED79F /* Build configuration list for PBXNativeTarget "QuickStartUITests" */ = {
			isa = XCConfigurationList;
			buildConfigurations = (
				5A8638441D43ACDB00CED79F /* Debug */,
				5A8638451D43ACDB00CED79F /* Release */,
			);
			defaultConfigurationIsVisible = 0;
			defaultConfigurationName = Release;
		};
/* End XCConfigurationList section */

/* Begin XCVersionGroup section */
		5A86381C1D43ACDB00CED79F /* QuickStart.xcdatamodeld */ = {
			isa = XCVersionGroup;
			children = (
				5A86381D1D43ACDB00CED79F /* QuickStart.xcdatamodel */,
			);
			currentVersion = 5A86381D1D43ACDB00CED79F /* QuickStart.xcdatamodel */;
			path = QuickStart.xcdatamodeld;
			sourceTree = "<group>";
			versionGroupType = wrapper.xcdatamodel;
		};
/* End XCVersionGroup section */
	};
	rootObject = 5A86380A1D43ACDB00CED79F /* Project object */;
}
